
Microsoft Visual Studio Solution File, Format Version 12.00
# Visual Studio Version 16
VisualStudioVersion = 16.0.29505.145
MinimumVisualStudioVersion = 10.0.40219.1
Project("{FAE04EC0-301F-11D3-BF4B-00C04F79EFBC}") = "Ajax", "Ajax.csproj", "{5522FEA1-1EF7-4E78-B4B9-65FE9A7CF8E4}"
EndProject
Global
	GlobalSection(SolutionConfigurationPlatforms) = preSolution
		Debug|Any CPU = Debug|Any CPU
		Release|Any CPU = Release|Any CPU
	EndGlobalSection
	GlobalSection(ProjectConfigurationPlatforms) = postSolution
		{5522FEA1-1EF7-4E78-B4B9-65FE9A7CF8E4}.Debug|Any CPU.ActiveCfg = Debug|Any CPU
		{5522FEA1-1EF7-4E78-B4B9-65FE9A7CF8E4}.Debug|Any CPU.Build.0 = Debug|Any CPU
		{5522FEA1-1EF7-4E78-B4B9-65FE9A7CF8E4}.Release|Any CPU.ActiveCfg = Release|Any CPU
		{5522FEA1-1EF7-4E78-B4B9-65FE9A7CF8E4}.Release|Any CPU.Build.0 = Release|Any CPU
	EndGlobalSection
	GlobalSection(SolutionProperties) = preSolution
		HideSolutionNode = FALSE
	EndGlobalSection
	GlobalSection(ExtensibilityGlobals) = postSolution
		SolutionGuid = {E4618C60-7F67-4D68-848B-E3BD60C731DF}
	EndGlobalSection
EndGlobal
