
Microsoft Visual Studio Solution File, Format Version 12.00
# Visual Studio Version 16
VisualStudioVersion = 16.0.29505.145
MinimumVisualStudioVersion = 10.0.40219.1
Project("{FAE04EC0-301F-11D3-BF4B-00C04F79EFBC}") = "QueryFormPost", "QueryFormPost.csproj", "{ADD49C3C-C294-4E14-AF9B-9B94DF59D220}"
EndProject
Global
	GlobalSection(SolutionConfigurationPlatforms) = preSolution
		Debug|Any CPU = Debug|Any CPU
		Release|Any CPU = Release|Any CPU
	EndGlobalSection
	GlobalSection(ProjectConfigurationPlatforms) = postSolution
		{ADD49C3C-C294-4E14-AF9B-9B94DF59D220}.Debug|Any CPU.ActiveCfg = Debug|Any CPU
		{ADD49C3C-C294-4E14-AF9B-9B94DF59D220}.Debug|Any CPU.Build.0 = Debug|Any CPU
		{ADD49C3C-C294-4E14-AF9B-9B94DF59D220}.Release|Any CPU.ActiveCfg = Release|Any CPU
		{ADD49C3C-C294-4E14-AF9B-9B94DF59D220}.Release|Any CPU.Build.0 = Release|Any CPU
	EndGlobalSection
	GlobalSection(SolutionProperties) = preSolution
		HideSolutionNode = FALSE
	EndGlobalSection
	GlobalSection(ExtensibilityGlobals) = postSolution
		SolutionGuid = {5B45530C-540F-4714-8FCA-C6AD157C0312}
	EndGlobalSection
EndGlobal
