
Microsoft Visual Studio Solution File, Format Version 12.00
# Visual Studio Version 16
VisualStudioVersion = 16.0.29505.145
MinimumVisualStudioVersion = 10.0.40219.1
Project("{FAE04EC0-301F-11D3-BF4B-00C04F79EFBC}") = "PostBackUrl", "PostBackUrl.csproj", "{D7555658-9D7E-4CD7-9520-8DD469F274FA}"
EndProject
Global
	GlobalSection(SolutionConfigurationPlatforms) = preSolution
		Debug|Any CPU = Debug|Any CPU
		Release|Any CPU = Release|Any CPU
	EndGlobalSection
	GlobalSection(ProjectConfigurationPlatforms) = postSolution
		{D7555658-9D7E-4CD7-9520-8DD469F274FA}.Debug|Any CPU.ActiveCfg = Debug|Any CPU
		{D7555658-9D7E-4CD7-9520-8DD469F274FA}.Debug|Any CPU.Build.0 = Debug|Any CPU
		{D7555658-9D7E-4CD7-9520-8DD469F274FA}.Release|Any CPU.ActiveCfg = Release|Any CPU
		{D7555658-9D7E-4CD7-9520-8DD469F274FA}.Release|Any CPU.Build.0 = Release|Any CPU
	EndGlobalSection
	GlobalSection(SolutionProperties) = preSolution
		HideSolutionNode = FALSE
	EndGlobalSection
	GlobalSection(ExtensibilityGlobals) = postSolution
		SolutionGuid = {2491B552-6C2A-4723-8603-A574B1652983}
	EndGlobalSection
EndGlobal
